
Microsoft Visual Studio Solution File, Format Version 12.00
# Visual Studio Version 17
VisualStudioVersion = 17.9.34310.174
MinimumVisualStudioVersion = 10.0.40219.1
Project("{FAE04EC0-301F-11D3-BF4B-00C04F79EFBC}") = "Domain", "Domain\Domain.csproj", "{0842337E-ABEF-4F72-A52B-81E65FE6FF04}"
EndProject
Project("{FAE04EC0-301F-11D3-BF4B-00C04F79EFBC}") = "Infrastucture", "Infrastucture\Infrastucture.csproj", "{FD3D50D9-5679-41C7-A46E-D31FEADE2E0B}"
EndProject
Project("{FAE04EC0-301F-11D3-BF4B-00C04F79EFBC}") = "Persistance", "Persistance\Persistance.csproj", "{3070A586-3E4B-47AA-AED0-C72C26A7504B}"
EndProject
Project("{FAE04EC0-301F-11D3-BF4B-00C04F79EFBC}") = "Application", "Application\Application.csproj", "{42170972-2BCF-45CB-AC37-CF8EE1EDC7CF}"
EndProject
Project("{FAE04EC0-301F-11D3-BF4B-00C04F79EFBC}") = "Presentation", "Presentation\Presentation.csproj", "{1BACD3AE-9F6A-4169-B5BE-AE7AD229640B}"
EndProject
Global
	GlobalSection(SolutionConfigurationPlatforms) = preSolution
		Debug|Any CPU = Debug|Any CPU
		Release|Any CPU = Release|Any CPU
	EndGlobalSection
	GlobalSection(ProjectConfigurationPlatforms) = postSolution
		{0842337E-ABEF-4F72-A52B-81E65FE6FF04}.Debug|Any CPU.ActiveCfg = Debug|Any CPU
		{0842337E-ABEF-4F72-A52B-81E65FE6FF04}.Debug|Any CPU.Build.0 = Debug|Any CPU
		{0842337E-ABEF-4F72-A52B-81E65FE6FF04}.Release|Any CPU.ActiveCfg = Release|Any CPU
		{0842337E-ABEF-4F72-A52B-81E65FE6FF04}.Release|Any CPU.Build.0 = Release|Any CPU
		{FD3D50D9-5679-41C7-A46E-D31FEADE2E0B}.Debug|Any CPU.ActiveCfg = Debug|Any CPU
		{FD3D50D9-5679-41C7-A46E-D31FEADE2E0B}.Debug|Any CPU.Build.0 = Debug|Any CPU
		{FD3D50D9-5679-41C7-A46E-D31FEADE2E0B}.Release|Any CPU.ActiveCfg = Release|Any CPU
		{FD3D50D9-5679-41C7-A46E-D31FEADE2E0B}.Release|Any CPU.Build.0 = Release|Any CPU
		{3070A586-3E4B-47AA-AED0-C72C26A7504B}.Debug|Any CPU.ActiveCfg = Debug|Any CPU
		{3070A586-3E4B-47AA-AED0-C72C26A7504B}.Debug|Any CPU.Build.0 = Debug|Any CPU
		{3070A586-3E4B-47AA-AED0-C72C26A7504B}.Release|Any CPU.ActiveCfg = Release|Any CPU
		{3070A586-3E4B-47AA-AED0-C72C26A7504B}.Release|Any CPU.Build.0 = Release|Any CPU
		{42170972-2BCF-45CB-AC37-CF8EE1EDC7CF}.Debug|Any CPU.ActiveCfg = Debug|Any CPU
		{42170972-2BCF-45CB-AC37-CF8EE1EDC7CF}.Debug|Any CPU.Build.0 = Debug|Any CPU
		{42170972-2BCF-45CB-AC37-CF8EE1EDC7CF}.Release|Any CPU.ActiveCfg = Release|Any CPU
		{42170972-2BCF-45CB-AC37-CF8EE1EDC7CF}.Release|Any CPU.Build.0 = Release|Any CPU
		{1BACD3AE-9F6A-4169-B5BE-AE7AD229640B}.Debug|Any CPU.ActiveCfg = Debug|Any CPU
		{1BACD3AE-9F6A-4169-B5BE-AE7AD229640B}.Debug|Any CPU.Build.0 = Debug|Any CPU
		{1BACD3AE-9F6A-4169-B5BE-AE7AD229640B}.Release|Any CPU.ActiveCfg = Release|Any CPU
		{1BACD3AE-9F6A-4169-B5BE-AE7AD229640B}.Release|Any CPU.Build.0 = Release|Any CPU
	EndGlobalSection
	GlobalSection(SolutionProperties) = preSolution
		HideSolutionNode = FALSE
	EndGlobalSection
	GlobalSection(ExtensibilityGlobals) = postSolution
		SolutionGuid = {995FA93E-7DE1-4877-8D3C-FC7BC082463E}
	EndGlobalSection
EndGlobal
